{
  "name": "frontend-project-46",
  "version": "1.0.0",
  "lockfileVersion": 2,
  "requires": true,
  "packages": {
    "": {
      "name": "frontend-project-46",
      "version": "1.0.0",
      "license": "ISC",
      "dependencies": {
        "command": "^0.0.5",
        "commander": "^10.0.0"
      }
    },
    "node_modules/command": {
      "version": "0.0.5",
      "resolved": "https://registry.npmjs.org/command/-/command-0.0.5.tgz",
      "integrity": "sha512-D3ahqZifhRQODzFluhUSaHCvukc9/WsEboceAVugj/uoG1eE1h9ZR+jJ+YtoyOmXOOq5AijdYYeXhYvUPa7f/w==",
      "dependencies": {
        "merge-recursive": "0.0.3",
        "which": "1.0.5"
      }
    },
    "node_modules/commander": {
      "version": "10.0.0",
      "resolved": "https://registry.npmjs.org/commander/-/commander-10.0.0.tgz",
      "integrity": "sha512-zS5PnTI22FIRM6ylNW8G4Ap0IEOyk62fhLSD0+uHRT9McRCLGpkVNvao4bjimpK/GShynyQkFFxHhwMcETmduA==",
      "engines": {
        "node": ">=14"
      }
    },
    "node_modules/merge-recursive": {
      "version": "0.0.3",
      "resolved": "https://registry.npmjs.org/merge-recursive/-/merge-recursive-0.0.3.tgz",
      "integrity": "sha512-WPyS8iu5hcexWNQxFO9lbpvB1lRDn+3hOZXXrD7kLwVrC8+4CKdL7rW7Rrxlmf5V/ySnpZRk2Moo6VAxb4lAeA=="
    },
    "node_modules/which": {
      "version": "1.0.5",
      "resolved": "https://registry.npmjs.org/which/-/which-1.0.5.tgz",
      "integrity": "sha512-p82w9e3628Y1sCI41PbzZb5Qbacst2Yt/gE4mtqrNXv65SmwNbAcQvS4VkehtqmclAcOh36tgQiwhg6fKvkyDA==",
      "bin": {
        "which": "bin/which"
      },
      "engines": {
        "node": "*"
      }
    }
  },
  "dependencies": {
    "command": {
      "version": "0.0.5",
      "resolved": "https://registry.npmjs.org/command/-/command-0.0.5.tgz",
      "integrity": "sha512-D3ahqZifhRQODzFluhUSaHCvukc9/WsEboceAVugj/uoG1eE1h9ZR+jJ+YtoyOmXOOq5AijdYYeXhYvUPa7f/w==",
      "requires": {
        "merge-recursive": "0.0.3",
        "which": "1.0.5"
      }
    },
    "commander": {
      "version": "10.0.0",
      "resolved": "https://registry.npmjs.org/commander/-/commander-10.0.0.tgz",
      "integrity": "sha512-zS5PnTI22FIRM6ylNW8G4Ap0IEOyk62fhLSD0+uHRT9McRCLGpkVNvao4bjimpK/GShynyQkFFxHhwMcETmduA=="
    },
    "merge-recursive": {
      "version": "0.0.3",
      "resolved": "https://registry.npmjs.org/merge-recursive/-/merge-recursive-0.0.3.tgz",
      "integrity": "sha512-WPyS8iu5hcexWNQxFO9lbpvB1lRDn+3hOZXXrD7kLwVrC8+4CKdL7rW7Rrxlmf5V/ySnpZRk2Moo6VAxb4lAeA=="
    },
    "which": {
      "version": "1.0.5",
      "resolved": "https://registry.npmjs.org/which/-/which-1.0.5.tgz",
      "integrity": "sha512-p82w9e3628Y1sCI41PbzZb5Qbacst2Yt/gE4mtqrNXv65SmwNbAcQvS4VkehtqmclAcOh36tgQiwhg6fKvkyDA=="
    }
  }
}
